
Microsoft Visual Studio Solution File, Format Version 12.00
# Visual Studio Version 17
VisualStudioVersion = 17.5.33414.496
MinimumVisualStudioVersion = 10.0.40219.1
Project("{8BC9CEB8-8B4A-11D0-8D11-00A0C91BC942}") = "Mode", "Mode\Mode.vcxproj", "{412761FF-2639-4EBD-A8E8-F0D0996D68A3}"
EndProject
Global
	GlobalSection(SolutionConfigurationPlatforms) = preSolution
		Debug|x64 = Debug|x64
		Debug|x86 = Debug|x86
		Release|x64 = Release|x64
		Release|x86 = Release|x86
	EndGlobalSection
	GlobalSection(ProjectConfigurationPlatforms) = postSolution
		{412761FF-2639-4EBD-A8E8-F0D0996D68A3}.Debug|x64.ActiveCfg = Debug|x64
		{412761FF-2639-4EBD-A8E8-F0D0996D68A3}.Debug|x64.Build.0 = Debug|x64
		{412761FF-2639-4EBD-A8E8-F0D0996D68A3}.Debug|x86.ActiveCfg = Debug|Win32
		{412761FF-2639-4EBD-A8E8-F0D0996D68A3}.Debug|x86.Build.0 = Debug|Win32
		{412761FF-2639-4EBD-A8E8-F0D0996D68A3}.Release|x64.ActiveCfg = Release|x64
		{412761FF-2639-4EBD-A8E8-F0D0996D68A3}.Release|x64.Build.0 = Release|x64
		{412761FF-2639-4EBD-A8E8-F0D0996D68A3}.Release|x86.ActiveCfg = Release|Win32
		{412761FF-2639-4EBD-A8E8-F0D0996D68A3}.Release|x86.Build.0 = Release|Win32
	EndGlobalSection
	GlobalSection(SolutionProperties) = preSolution
		HideSolutionNode = FALSE
	EndGlobalSection
	GlobalSection(ExtensibilityGlobals) = postSolution
		SolutionGuid = {8BFC4C8A-ECF4-4C9E-AB16-B048CC8DC555}
	EndGlobalSection
EndGlobal
